
Microsoft Visual Studio Solution File, Format Version 12.00
# Visual Studio Version 16
VisualStudioVersion = 16.0.30717.126
MinimumVisualStudioVersion = 10.0.40219.1
Project("{9A19103F-16F7-4668-BE54-9A1E7A4F7556}") = "SoNHl.ApiOperacion", "SoNHl.ApiOperacion\SoNHl.ApiOperacion.csproj", "{700D10BF-B0C7-4EC3-B669-1DFECF74326F}"
EndProject
Project("{9A19103F-16F7-4668-BE54-9A1E7A4F7556}") = "Sol.NHI.ApiConsulta", "Sol.NHI.ApiConsulta\Sol.NHI.ApiConsulta.csproj", "{BE0CCE1B-54A1-4153-A809-65E9AB858251}"
EndProject
Project("{9A19103F-16F7-4668-BE54-9A1E7A4F7556}") = "Sol.NHI.ApiPersona", "Sol.NHI.ApiPersona\Sol.NHI.ApiPersona.csproj", "{F06F00B1-B0E7-4B76-884A-9CFAF9CADC06}"
EndProject
Project("{9A19103F-16F7-4668-BE54-9A1E7A4F7556}") = "Sol.NHI.Common", "Sol.NHI.Common\Sol.NHI.Common.csproj", "{D0A00831-F7C0-4BBC-B0AA-5913816C3571}"
EndProject
Project("{FAE04EC0-301F-11D3-BF4B-00C04F79EFBC}") = "WindowsService1", "WindowsService1\WindowsService1.csproj", "{E1C2204D-61B5-40F9-99E3-826B9658E274}"
EndProject
Project("{FAE04EC0-301F-11D3-BF4B-00C04F79EFBC}") = "MVCIdentity", "MVCIdentity\MVCIdentity.csproj", "{FF60C55A-B94C-4B2D-B46D-CD631D2DED18}"
EndProject
Project("{FAE04EC0-301F-11D3-BF4B-00C04F79EFBC}") = "Sol.NHI.ApiIdentityServer", "Sol.NHI.ApiIdentityServer\Sol.NHI.ApiIdentityServer.csproj", "{2E072DD4-B35C-40F5-9634-6E5A97180D4F}"
EndProject
Project("{2150E333-8FDC-42A3-9474-1A3956D46DE8}") = "01-Frontned", "01-Frontned", "{39394AFF-CD19-450E-8BFC-BE30807C12E2}"
EndProject
Project("{2150E333-8FDC-42A3-9474-1A3956D46DE8}") = "02-BackEnd", "02-BackEnd", "{8514C250-F126-4792-985A-B03F3A5327FE}"
EndProject
Project("{2150E333-8FDC-42A3-9474-1A3956D46DE8}") = "03-Seguridad", "03-Seguridad", "{75B25586-8C02-4218-B37E-FD784AAB91E7}"
EndProject
Project("{2150E333-8FDC-42A3-9474-1A3956D46DE8}") = "04-Transversales", "04-Transversales", "{E2515D56-905F-4BFD-8A1B-B155ABE561EE}"
EndProject
Project("{2150E333-8FDC-42A3-9474-1A3956D46DE8}") = "05-Otros", "05-Otros", "{1875778D-761E-488E-A5D9-004DCD3AE898}"
EndProject
Global
	GlobalSection(SolutionConfigurationPlatforms) = preSolution
		Debug|Any CPU = Debug|Any CPU
		Release|Any CPU = Release|Any CPU
	EndGlobalSection
	GlobalSection(ProjectConfigurationPlatforms) = postSolution
		{700D10BF-B0C7-4EC3-B669-1DFECF74326F}.Debug|Any CPU.ActiveCfg = Debug|Any CPU
		{700D10BF-B0C7-4EC3-B669-1DFECF74326F}.Debug|Any CPU.Build.0 = Debug|Any CPU
		{700D10BF-B0C7-4EC3-B669-1DFECF74326F}.Release|Any CPU.ActiveCfg = Release|Any CPU
		{700D10BF-B0C7-4EC3-B669-1DFECF74326F}.Release|Any CPU.Build.0 = Release|Any CPU
		{BE0CCE1B-54A1-4153-A809-65E9AB858251}.Debug|Any CPU.ActiveCfg = Debug|Any CPU
		{BE0CCE1B-54A1-4153-A809-65E9AB858251}.Debug|Any CPU.Build.0 = Debug|Any CPU
		{BE0CCE1B-54A1-4153-A809-65E9AB858251}.Release|Any CPU.ActiveCfg = Release|Any CPU
		{BE0CCE1B-54A1-4153-A809-65E9AB858251}.Release|Any CPU.Build.0 = Release|Any CPU
		{F06F00B1-B0E7-4B76-884A-9CFAF9CADC06}.Debug|Any CPU.ActiveCfg = Debug|Any CPU
		{F06F00B1-B0E7-4B76-884A-9CFAF9CADC06}.Debug|Any CPU.Build.0 = Debug|Any CPU
		{F06F00B1-B0E7-4B76-884A-9CFAF9CADC06}.Release|Any CPU.ActiveCfg = Release|Any CPU
		{F06F00B1-B0E7-4B76-884A-9CFAF9CADC06}.Release|Any CPU.Build.0 = Release|Any CPU
		{D0A00831-F7C0-4BBC-B0AA-5913816C3571}.Debug|Any CPU.ActiveCfg = Debug|Any CPU
		{D0A00831-F7C0-4BBC-B0AA-5913816C3571}.Debug|Any CPU.Build.0 = Debug|Any CPU
		{D0A00831-F7C0-4BBC-B0AA-5913816C3571}.Release|Any CPU.ActiveCfg = Release|Any CPU
		{D0A00831-F7C0-4BBC-B0AA-5913816C3571}.Release|Any CPU.Build.0 = Release|Any CPU
		{E1C2204D-61B5-40F9-99E3-826B9658E274}.Debug|Any CPU.ActiveCfg = Debug|Any CPU
		{E1C2204D-61B5-40F9-99E3-826B9658E274}.Debug|Any CPU.Build.0 = Debug|Any CPU
		{E1C2204D-61B5-40F9-99E3-826B9658E274}.Release|Any CPU.ActiveCfg = Release|Any CPU
		{E1C2204D-61B5-40F9-99E3-826B9658E274}.Release|Any CPU.Build.0 = Release|Any CPU
		{FF60C55A-B94C-4B2D-B46D-CD631D2DED18}.Debug|Any CPU.ActiveCfg = Debug|Any CPU
		{FF60C55A-B94C-4B2D-B46D-CD631D2DED18}.Debug|Any CPU.Build.0 = Debug|Any CPU
		{FF60C55A-B94C-4B2D-B46D-CD631D2DED18}.Release|Any CPU.ActiveCfg = Release|Any CPU
		{FF60C55A-B94C-4B2D-B46D-CD631D2DED18}.Release|Any CPU.Build.0 = Release|Any CPU
		{2E072DD4-B35C-40F5-9634-6E5A97180D4F}.Debug|Any CPU.ActiveCfg = Debug|Any CPU
		{2E072DD4-B35C-40F5-9634-6E5A97180D4F}.Debug|Any CPU.Build.0 = Debug|Any CPU
		{2E072DD4-B35C-40F5-9634-6E5A97180D4F}.Release|Any CPU.ActiveCfg = Release|Any CPU
		{2E072DD4-B35C-40F5-9634-6E5A97180D4F}.Release|Any CPU.Build.0 = Release|Any CPU
	EndGlobalSection
	GlobalSection(SolutionProperties) = preSolution
		HideSolutionNode = FALSE
	EndGlobalSection
	GlobalSection(NestedProjects) = preSolution
		{700D10BF-B0C7-4EC3-B669-1DFECF74326F} = {8514C250-F126-4792-985A-B03F3A5327FE}
		{BE0CCE1B-54A1-4153-A809-65E9AB858251} = {8514C250-F126-4792-985A-B03F3A5327FE}
		{F06F00B1-B0E7-4B76-884A-9CFAF9CADC06} = {8514C250-F126-4792-985A-B03F3A5327FE}
		{D0A00831-F7C0-4BBC-B0AA-5913816C3571} = {E2515D56-905F-4BFD-8A1B-B155ABE561EE}
		{E1C2204D-61B5-40F9-99E3-826B9658E274} = {1875778D-761E-488E-A5D9-004DCD3AE898}
		{FF60C55A-B94C-4B2D-B46D-CD631D2DED18} = {1875778D-761E-488E-A5D9-004DCD3AE898}
		{2E072DD4-B35C-40F5-9634-6E5A97180D4F} = {75B25586-8C02-4218-B37E-FD784AAB91E7}
	EndGlobalSection
	GlobalSection(ExtensibilityGlobals) = postSolution
		SolutionGuid = {D9259E69-66ED-4C89-A368-7BA1BF8C2D72}
	EndGlobalSection
EndGlobal
